// !$*UTF8*$!
{
	archiveVersion = 1;
	classes = {
	};
	objectVersion = 46;
	objects = {

/* Begin PBXBuildFile section */
		87F7A0F61BE00F4000565F47 /* lp16.cpp in Sources */ = {isa = PBXBuildFile; fileRef = 87F7A0F51BE00F4000565F47 /* lp16.cpp */; };
		87F7A0FE1BE00FC500565F47 /* Die.cpp in Sources */ = {isa = PBXBuildFile; fileRef = 87F7A0FC1BE00FC500565F47 /* Die.cpp */; settings = {ASSET_TAGS = (); }; };
/* End PBXBuildFile section */

/* Begin PBXCopyFilesBuildPhase section */
		87F7A0F01BE00F4000565F47 /* CopyFiles */ = {
			isa = PBXCopyFilesBuildPhase;
			buildActionMask = 2147483647;
			dstPath = /usr/share/man/man1/;
			dstSubfolderSpec = 0;
			files = (
			);
			runOnlyForDeploymentPostprocessing = 1;
		};
/* End PBXCopyFilesBuildPhase section */

/* Begin PBXFileReference section */
		87F7A0F21BE00F4000565F47 /* lp16 */ = {isa = PBXFileReference; explicitFileType = "compiled.mach-o.executable"; includeInIndex = 0; path = lp16; sourceTree = BUILT_PRODUCTS_DIR; };
		87F7A0F51BE00F4000565F47 /* lp16.cpp */ = {isa = PBXFileReference; lastKnownFileType = sourcecode.cpp.cpp; path = lp16.cpp; sourceTree = "<group>"; };
		87F7A0FC1BE00FC500565F47 /* Die.cpp */ = {isa = PBXFileReference; fileEncoding = 4; lastKnownFileType = sourcecode.cpp.cpp; path = Die.cpp; sourceTree = "<group>"; };
		87F7A0FD1BE00FC500565F47 /* Die.hpp */ = {isa = PBXFileReference; fileEncoding = 4; lastKnownFileType = sourcecode.cpp.h; path = Die.hpp; sourceTree = "<group>"; };
/* End PBXFileReference section */

/* Begin PBXFrameworksBuildPhase section */
		87F7A0EF1BE00F4000565F47 /* Frameworks */ = {
			isa = PBXFrameworksBuildPhase;
			buildActionMask = 2147483647;
			files = (
			);
			runOnlyForDeploymentPostprocessing = 0;
		};
/* End PBXFrameworksBuildPhase section */

/* Begin PBXGroup section */
		87F7A0E91BE00F4000565F47 = {
			isa = PBXGroup;
			children = (
				87F7A0F41BE00F4000565F47 /* lp16 */,
				87F7A0F31BE00F4000565F47 /* Products */,
			);
			sourceTree = "<group>";
		};
		87F7A0F31BE00F4000565F47 /* Products */ = {
			isa = PBXGroup;
			children = (
				87F7A0F21BE00F4000565F47 /* lp16 */,
			);
			name = Products;
			sourceTree = "<group>";
		};
		87F7A0F41BE00F4000565F47 /* lp16 */ = {
			isa = PBXGroup;
			children = (
				87F7A0F51BE00F4000565F47 /* lp16.cpp */,
				87F7A0FC1BE00FC500565F47 /* Die.cpp */,
				87F7A0FD1BE00FC500565F47 /* Die.hpp */,
			);
			path = lp16;
			sourceTree = "<group>";
		};
/* End PBXGroup section */

/* Begin PBXNativeTarget section */
		87F7A0F11BE00F4000565F47 /* lp16 */ = {
			isa = PBXNativeTarget;
			buildConfigurationList = 87F7A0F91BE00F4000565F47 /* Build configuration list for PBXNativeTarget "lp16" */;
			buildPhases = (
				87F7A0EE1BE00F4000565F47 /* Sources */,
				87F7A0EF1BE00F4000565F47 /* Frameworks */,
				87F7A0F01BE00F4000565F47 /* CopyFiles */,
			);
			buildRules = (
			);
			dependencies = (
			);
			name = lp16;
			productName = lp16;
			productReference = 87F7A0F21BE00F4000565F47 /* lp16 */;
			productType = "com.apple.product-type.tool";
		};
/* End PBXNativeTarget section */

/* Begin PBXProject section */
		87F7A0EA1BE00F4000565F47 /* Project object */ = {
			isa = PBXProject;
			attributes = {
				LastUpgradeCheck = 0700;
				ORGANIZATIONNAME = "David Garnitz";
				TargetAttributes = {
					87F7A0F11BE00F4000565F47 = {
						CreatedOnToolsVersion = 7.0.1;
					};
				};
			};
			buildConfigurationList = 87F7A0ED1BE00F4000565F47 /* Build configuration list for PBXProject "lp16" */;
			compatibilityVersion = "Xcode 3.2";
			developmentRegion = English;
			hasScannedForEncodings = 0;
			knownRegions = (
				en,
			);
			mainGroup = 87F7A0E91BE00F4000565F47;
			productRefGroup = 87F7A0F31BE00F4000565F47 /* Products */;
			projectDirPath = "";
			projectRoot = "";
			targets = (
				87F7A0F11BE00F4000565F47 /* lp16 */,
			);
		};
/* End PBXProject section */

/* Begin PBXSourcesBuildPhase section */
		87F7A0EE1BE00F4000565F47 /* Sources */ = {
			isa = PBXSourcesBuildPhase;
			buildActionMask = 2147483647;
			files = (
				87F7A0FE1BE00FC500565F47 /* Die.cpp in Sources */,
				87F7A0F61BE00F4000565F47 /* lp16.cpp in Sources */,
			);
			runOnlyForDeploymentPostprocessing = 0;
		};
/* End PBXSourcesBuildPhase section */

/* Begin XCBuildConfiguration section */
		87F7A0F71BE00F4000565F47 /* Debug */ = {
			isa = XCBuildConfiguration;
			buildSettings = {
				ALWAYS_SEARCH_USER_PATHS = NO;
				CLANG_CXX_LANGUAGE_STANDARD = "gnu++0x";
				CLANG_CXX_LIBRARY = "libc++";
				CLANG_ENABLE_MODULES = YES;
				CLANG_ENABLE_OBJC_ARC = YES;
				CLANG_WARN_BOOL_CONVERSION = YES;
				CLANG_WARN_CONSTANT_CONVERSION = YES;
				CLANG_WARN_DIRECT_OBJC_ISA_USAGE = YES_ERROR;
				CLANG_WARN_EMPTY_BODY = YES;
				CLANG_WARN_ENUM_CONVERSION = YES;
				CLANG_WARN_INT_CONVERSION = YES;
				CLANG_WARN_OBJC_ROOT_CLASS = YES_ERROR;
				CLANG_WARN_UNREACHABLE_CODE = YES;
				CLANG_WARN__DUPLICATE_METHOD_MATCH = YES;
				COPY_PHASE_STRIP = NO;
				DEBUG_INFORMATION_FORMAT = dwarf;
				ENABLE_STRICT_OBJC_MSGSEND = YES;
				ENABLE_TESTABILITY = YES;
				GCC_C_LANGUAGE_STANDARD = gnu99;
				GCC_DYNAMIC_NO_PIC = NO;
				GCC_NO_COMMON_BLOCKS = YES;
				GCC_OPTIMIZATION_LEVEL = 0;
				GCC_PREPROCESSOR_DEFINITIONS = (
					"DEBUG=1",
					"$(inherited)",
				);
				GCC_WARN_64_TO_32_BIT_CONVERSION = YES;
				GCC_WARN_ABOUT_RETURN_TYPE = YES_ERROR;
				GCC_WARN_UNDECLARED_SELECTOR = YES;
				GCC_WARN_UNINITIALIZED_AUTOS = YES_AGGRESSIVE;
				GCC_WARN_UNUSED_FUNCTION = YES;
				GCC_WARN_UNUSED_VARIABLE = YES;
				MACOSX_DEPLOYMENT_TARGET = 10.10;
				MTL_ENABLE_DEBUG_INFO = YES;
				ONLY_ACTIVE_ARCH = YES;
				SDKROOT = macosx;
			};
			name = Debug;
		};
		87F7A0F81BE00F4000565F47 /* Release */ = {
			isa = XCBuildConfiguration;
			buildSettings = {
				ALWAYS_SEARCH_USER_PATHS = NO;
				CLANG_CXX_LANGUAGE_STANDARD = "gnu++0x";
				CLANG_CXX_LIBRARY = "libc++";
				CLANG_ENABLE_MODULES = YES;
				CLANG_ENABLE_OBJC_ARC = YES;
				CLANG_WARN_BOOL_CONVERSION = YES;
				CLANG_WARN_CONSTANT_CONVERSION = YES;
				CLANG_WARN_DIRECT_OBJC_ISA_USAGE = YES_ERROR;
				CLANG_WARN_EMPTY_BODY = YES;
				CLANG_WARN_ENUM_CONVERSION = YES;
				CLANG_WARN_INT_CONVERSION = YES;
				CLANG_WARN_OBJC_ROOT_CLASS = YES_ERROR;
				CLANG_WARN_UNREACHABLE_CODE = YES;
				CLANG_WARN__DUPLICATE_METHOD_MATCH = YES;
				COPY_PHASE_STRIP = NO;
				DEBUG_INFORMATION_FORMAT = "dwarf-with-dsym";
				ENABLE_NS_ASSERTIONS = NO;
				ENABLE_STRICT_OBJC_MSGSEND = YES;
				GCC_C_LANGUAGE_STANDARD = gnu99;
				GCC_NO_COMMON_BLOCKS = YES;
				GCC_WARN_64_TO_32_BIT_CONVERSION = YES;
				GCC_WARN_ABOUT_RETURN_TYPE = YES_ERROR;
				GCC_WARN_UNDECLARED_SELECTOR = YES;
				GCC_WARN_UNINITIALIZED_AUTOS = YES_AGGRESSIVE;
				GCC_WARN_UNUSED_FUNCTION = YES;
				GCC_WARN_UNUSED_VARIABLE = YES;
				MACOSX_DEPLOYMENT_TARGET = 10.10;
				MTL_ENABLE_DEBUG_INFO = NO;
				SDKROOT = macosx;
			};
			name = Release;
		};
		87F7A0FA1BE00F4000565F47 /* Debug */ = {
			isa = XCBuildConfiguration;
			buildSettings = {
				PRODUCT_NAME = "$(TARGET_NAME)";
			};
			name = Debug;
		};
		87F7A0FB1BE00F4000565F47 /* Release */ = {
			isa = XCBuildConfiguration;
			buildSettings = {
				PRODUCT_NAME = "$(TARGET_NAME)";
			};
			name = Release;
		};
/* End XCBuildConfiguration section */

/* Begin XCConfigurationList section */
		87F7A0ED1BE00F4000565F47 /* Build configuration list for PBXProject "lp16" */ = {
			isa = XCConfigurationList;
			buildConfigurations = (
				87F7A0F71BE00F4000565F47 /* Debug */,
				87F7A0F81BE00F4000565F47 /* Release */,
			);
			defaultConfigurationIsVisible = 0;
			defaultConfigurationName = Release;
		};
		87F7A0F91BE00F4000565F47 /* Build configuration list for PBXNativeTarget "lp16" */ = {
			isa = XCConfigurationList;
			buildConfigurations = (
				87F7A0FA1BE00F4000565F47 /* Debug */,
				87F7A0FB1BE00F4000565F47 /* Release */,
			);
			defaultConfigurationIsVisible = 0;
		};
/* End XCConfigurationList section */
	};
	rootObject = 87F7A0EA1BE00F4000565F47 /* Project object */;
}
