// !$*UTF8*$!
{
	archiveVersion = 1;
	classes = {
	};
	objectVersion = 46;
	objects = {

/* Begin PBXBuildFile section */
		87ADF8BD1BFBCD5C00F6A3B0 /* Circle.cpp in Sources */ = {isa = PBXBuildFile; fileRef = 87ADF8B41BFBCD5C00F6A3B0 /* Circle.cpp */; };
		87ADF8BE1BFBCD5C00F6A3B0 /* lp22.cpp in Sources */ = {isa = PBXBuildFile; fileRef = 87ADF8B61BFBCD5C00F6A3B0 /* lp22.cpp */; };
		87ADF8BF1BFBCD5C00F6A3B0 /* Point.cpp in Sources */ = {isa = PBXBuildFile; fileRef = 87ADF8B71BFBCD5C00F6A3B0 /* Point.cpp */; };
		87ADF8C01BFBCD5C00F6A3B0 /* Rect.cpp in Sources */ = {isa = PBXBuildFile; fileRef = 87ADF8B91BFBCD5C00F6A3B0 /* Rect.cpp */; };
		87ADF8C11BFBCD5C00F6A3B0 /* Tri.cpp in Sources */ = {isa = PBXBuildFile; fileRef = 87ADF8BB1BFBCD5C00F6A3B0 /* Tri.cpp */; };
/* End PBXBuildFile section */

/* Begin PBXCopyFilesBuildPhase section */
		87ADF8A81BFBCB4100F6A3B0 /* CopyFiles */ = {
			isa = PBXCopyFilesBuildPhase;
			buildActionMask = 2147483647;
			dstPath = /usr/share/man/man1/;
			dstSubfolderSpec = 0;
			files = (
			);
			runOnlyForDeploymentPostprocessing = 1;
		};
/* End PBXCopyFilesBuildPhase section */

/* Begin PBXFileReference section */
		87ADF8AA1BFBCB4100F6A3B0 /* lp22 */ = {isa = PBXFileReference; explicitFileType = "compiled.mach-o.executable"; includeInIndex = 0; path = lp22; sourceTree = BUILT_PRODUCTS_DIR; };
		87ADF8B41BFBCD5C00F6A3B0 /* Circle.cpp */ = {isa = PBXFileReference; fileEncoding = 4; lastKnownFileType = sourcecode.cpp.cpp; path = Circle.cpp; sourceTree = "<group>"; };
		87ADF8B51BFBCD5C00F6A3B0 /* Circle.h */ = {isa = PBXFileReference; fileEncoding = 4; lastKnownFileType = sourcecode.c.h; path = Circle.h; sourceTree = "<group>"; };
		87ADF8B61BFBCD5C00F6A3B0 /* lp22.cpp */ = {isa = PBXFileReference; fileEncoding = 4; lastKnownFileType = sourcecode.cpp.cpp; path = lp22.cpp; sourceTree = "<group>"; };
		87ADF8B71BFBCD5C00F6A3B0 /* Point.cpp */ = {isa = PBXFileReference; fileEncoding = 4; lastKnownFileType = sourcecode.cpp.cpp; path = Point.cpp; sourceTree = "<group>"; };
		87ADF8B81BFBCD5C00F6A3B0 /* Point.h */ = {isa = PBXFileReference; fileEncoding = 4; lastKnownFileType = sourcecode.c.h; path = Point.h; sourceTree = "<group>"; };
		87ADF8B91BFBCD5C00F6A3B0 /* Rect.cpp */ = {isa = PBXFileReference; fileEncoding = 4; lastKnownFileType = sourcecode.cpp.cpp; path = Rect.cpp; sourceTree = "<group>"; };
		87ADF8BA1BFBCD5C00F6A3B0 /* Rect.h */ = {isa = PBXFileReference; fileEncoding = 4; lastKnownFileType = sourcecode.c.h; path = Rect.h; sourceTree = "<group>"; };
		87ADF8BB1BFBCD5C00F6A3B0 /* Tri.cpp */ = {isa = PBXFileReference; fileEncoding = 4; lastKnownFileType = sourcecode.cpp.cpp; path = Tri.cpp; sourceTree = "<group>"; };
		87ADF8BC1BFBCD5C00F6A3B0 /* Tri.h */ = {isa = PBXFileReference; fileEncoding = 4; lastKnownFileType = sourcecode.c.h; path = Tri.h; sourceTree = "<group>"; };
/* End PBXFileReference section */

/* Begin PBXFrameworksBuildPhase section */
		87ADF8A71BFBCB4100F6A3B0 /* Frameworks */ = {
			isa = PBXFrameworksBuildPhase;
			buildActionMask = 2147483647;
			files = (
			);
			runOnlyForDeploymentPostprocessing = 0;
		};
/* End PBXFrameworksBuildPhase section */

/* Begin PBXGroup section */
		87ADF8A11BFBCB4100F6A3B0 = {
			isa = PBXGroup;
			children = (
				87ADF8AC1BFBCB4100F6A3B0 /* lp22 */,
				87ADF8AB1BFBCB4100F6A3B0 /* Products */,
			);
			sourceTree = "<group>";
		};
		87ADF8AB1BFBCB4100F6A3B0 /* Products */ = {
			isa = PBXGroup;
			children = (
				87ADF8AA1BFBCB4100F6A3B0 /* lp22 */,
			);
			name = Products;
			sourceTree = "<group>";
		};
		87ADF8AC1BFBCB4100F6A3B0 /* lp22 */ = {
			isa = PBXGroup;
			children = (
				87ADF8B41BFBCD5C00F6A3B0 /* Circle.cpp */,
				87ADF8B51BFBCD5C00F6A3B0 /* Circle.h */,
				87ADF8B61BFBCD5C00F6A3B0 /* lp22.cpp */,
				87ADF8B71BFBCD5C00F6A3B0 /* Point.cpp */,
				87ADF8B81BFBCD5C00F6A3B0 /* Point.h */,
				87ADF8B91BFBCD5C00F6A3B0 /* Rect.cpp */,
				87ADF8BA1BFBCD5C00F6A3B0 /* Rect.h */,
				87ADF8BB1BFBCD5C00F6A3B0 /* Tri.cpp */,
				87ADF8BC1BFBCD5C00F6A3B0 /* Tri.h */,
			);
			path = lp22;
			sourceTree = "<group>";
		};
/* End PBXGroup section */

/* Begin PBXNativeTarget section */
		87ADF8A91BFBCB4100F6A3B0 /* lp22 */ = {
			isa = PBXNativeTarget;
			buildConfigurationList = 87ADF8B11BFBCB4100F6A3B0 /* Build configuration list for PBXNativeTarget "lp22" */;
			buildPhases = (
				87ADF8A61BFBCB4100F6A3B0 /* Sources */,
				87ADF8A71BFBCB4100F6A3B0 /* Frameworks */,
				87ADF8A81BFBCB4100F6A3B0 /* CopyFiles */,
			);
			buildRules = (
			);
			dependencies = (
			);
			name = lp22;
			productName = lp22;
			productReference = 87ADF8AA1BFBCB4100F6A3B0 /* lp22 */;
			productType = "com.apple.product-type.tool";
		};
/* End PBXNativeTarget section */

/* Begin PBXProject section */
		87ADF8A21BFBCB4100F6A3B0 /* Project object */ = {
			isa = PBXProject;
			attributes = {
				LastUpgradeCheck = 0710;
				ORGANIZATIONNAME = "David Garnitz";
				TargetAttributes = {
					87ADF8A91BFBCB4100F6A3B0 = {
						CreatedOnToolsVersion = 7.1.1;
					};
				};
			};
			buildConfigurationList = 87ADF8A51BFBCB4100F6A3B0 /* Build configuration list for PBXProject "lp22" */;
			compatibilityVersion = "Xcode 3.2";
			developmentRegion = English;
			hasScannedForEncodings = 0;
			knownRegions = (
				en,
			);
			mainGroup = 87ADF8A11BFBCB4100F6A3B0;
			productRefGroup = 87ADF8AB1BFBCB4100F6A3B0 /* Products */;
			projectDirPath = "";
			projectRoot = "";
			targets = (
				87ADF8A91BFBCB4100F6A3B0 /* lp22 */,
			);
		};
/* End PBXProject section */

/* Begin PBXSourcesBuildPhase section */
		87ADF8A61BFBCB4100F6A3B0 /* Sources */ = {
			isa = PBXSourcesBuildPhase;
			buildActionMask = 2147483647;
			files = (
				87ADF8BF1BFBCD5C00F6A3B0 /* Point.cpp in Sources */,
				87ADF8BD1BFBCD5C00F6A3B0 /* Circle.cpp in Sources */,
				87ADF8C11BFBCD5C00F6A3B0 /* Tri.cpp in Sources */,
				87ADF8BE1BFBCD5C00F6A3B0 /* lp22.cpp in Sources */,
				87ADF8C01BFBCD5C00F6A3B0 /* Rect.cpp in Sources */,
			);
			runOnlyForDeploymentPostprocessing = 0;
		};
/* End PBXSourcesBuildPhase section */

/* Begin XCBuildConfiguration section */
		87ADF8AF1BFBCB4100F6A3B0 /* Debug */ = {
			isa = XCBuildConfiguration;
			buildSettings = {
				ALWAYS_SEARCH_USER_PATHS = NO;
				CLANG_CXX_LANGUAGE_STANDARD = "gnu++0x";
				CLANG_CXX_LIBRARY = "libc++";
				CLANG_ENABLE_MODULES = YES;
				CLANG_ENABLE_OBJC_ARC = YES;
				CLANG_WARN_BOOL_CONVERSION = YES;
				CLANG_WARN_CONSTANT_CONVERSION = YES;
				CLANG_WARN_DIRECT_OBJC_ISA_USAGE = YES_ERROR;
				CLANG_WARN_EMPTY_BODY = YES;
				CLANG_WARN_ENUM_CONVERSION = YES;
				CLANG_WARN_INT_CONVERSION = YES;
				CLANG_WARN_OBJC_ROOT_CLASS = YES_ERROR;
				CLANG_WARN_UNREACHABLE_CODE = YES;
				CLANG_WARN__DUPLICATE_METHOD_MATCH = YES;
				CODE_SIGN_IDENTITY = "-";
				COPY_PHASE_STRIP = NO;
				DEBUG_INFORMATION_FORMAT = dwarf;
				ENABLE_STRICT_OBJC_MSGSEND = YES;
				ENABLE_TESTABILITY = YES;
				GCC_C_LANGUAGE_STANDARD = gnu99;
				GCC_DYNAMIC_NO_PIC = NO;
				GCC_NO_COMMON_BLOCKS = YES;
				GCC_OPTIMIZATION_LEVEL = 0;
				GCC_PREPROCESSOR_DEFINITIONS = (
					"DEBUG=1",
					"$(inherited)",
				);
				GCC_WARN_64_TO_32_BIT_CONVERSION = YES;
				GCC_WARN_ABOUT_RETURN_TYPE = YES_ERROR;
				GCC_WARN_UNDECLARED_SELECTOR = YES;
				GCC_WARN_UNINITIALIZED_AUTOS = YES_AGGRESSIVE;
				GCC_WARN_UNUSED_FUNCTION = YES;
				GCC_WARN_UNUSED_VARIABLE = YES;
				MACOSX_DEPLOYMENT_TARGET = 10.10;
				MTL_ENABLE_DEBUG_INFO = YES;
				ONLY_ACTIVE_ARCH = YES;
				SDKROOT = macosx;
			};
			name = Debug;
		};
		87ADF8B01BFBCB4100F6A3B0 /* Release */ = {
			isa = XCBuildConfiguration;
			buildSettings = {
				ALWAYS_SEARCH_USER_PATHS = NO;
				CLANG_CXX_LANGUAGE_STANDARD = "gnu++0x";
				CLANG_CXX_LIBRARY = "libc++";
				CLANG_ENABLE_MODULES = YES;
				CLANG_ENABLE_OBJC_ARC = YES;
				CLANG_WARN_BOOL_CONVERSION = YES;
				CLANG_WARN_CONSTANT_CONVERSION = YES;
				CLANG_WARN_DIRECT_OBJC_ISA_USAGE = YES_ERROR;
				CLANG_WARN_EMPTY_BODY = YES;
				CLANG_WARN_ENUM_CONVERSION = YES;
				CLANG_WARN_INT_CONVERSION = YES;
				CLANG_WARN_OBJC_ROOT_CLASS = YES_ERROR;
				CLANG_WARN_UNREACHABLE_CODE = YES;
				CLANG_WARN__DUPLICATE_METHOD_MATCH = YES;
				CODE_SIGN_IDENTITY = "-";
				COPY_PHASE_STRIP = NO;
				DEBUG_INFORMATION_FORMAT = "dwarf-with-dsym";
				ENABLE_NS_ASSERTIONS = NO;
				ENABLE_STRICT_OBJC_MSGSEND = YES;
				GCC_C_LANGUAGE_STANDARD = gnu99;
				GCC_NO_COMMON_BLOCKS = YES;
				GCC_WARN_64_TO_32_BIT_CONVERSION = YES;
				GCC_WARN_ABOUT_RETURN_TYPE = YES_ERROR;
				GCC_WARN_UNDECLARED_SELECTOR = YES;
				GCC_WARN_UNINITIALIZED_AUTOS = YES_AGGRESSIVE;
				GCC_WARN_UNUSED_FUNCTION = YES;
				GCC_WARN_UNUSED_VARIABLE = YES;
				MACOSX_DEPLOYMENT_TARGET = 10.10;
				MTL_ENABLE_DEBUG_INFO = NO;
				SDKROOT = macosx;
			};
			name = Release;
		};
		87ADF8B21BFBCB4100F6A3B0 /* Debug */ = {
			isa = XCBuildConfiguration;
			buildSettings = {
				PRODUCT_NAME = "$(TARGET_NAME)";
			};
			name = Debug;
		};
		87ADF8B31BFBCB4100F6A3B0 /* Release */ = {
			isa = XCBuildConfiguration;
			buildSettings = {
				PRODUCT_NAME = "$(TARGET_NAME)";
			};
			name = Release;
		};
/* End XCBuildConfiguration section */

/* Begin XCConfigurationList section */
		87ADF8A51BFBCB4100F6A3B0 /* Build configuration list for PBXProject "lp22" */ = {
			isa = XCConfigurationList;
			buildConfigurations = (
				87ADF8AF1BFBCB4100F6A3B0 /* Debug */,
				87ADF8B01BFBCB4100F6A3B0 /* Release */,
			);
			defaultConfigurationIsVisible = 0;
			defaultConfigurationName = Release;
		};
		87ADF8B11BFBCB4100F6A3B0 /* Build configuration list for PBXNativeTarget "lp22" */ = {
			isa = XCConfigurationList;
			buildConfigurations = (
				87ADF8B21BFBCB4100F6A3B0 /* Debug */,
				87ADF8B31BFBCB4100F6A3B0 /* Release */,
			);
			defaultConfigurationIsVisible = 0;
		};
/* End XCConfigurationList section */
	};
	rootObject = 87ADF8A21BFBCB4100F6A3B0 /* Project object */;
}
