// !$*UTF8*$!
{
	archiveVersion = 1;
	classes = {
	};
	objectVersion = 46;
	objects = {

/* Begin PBXBuildFile section */
		876F98141BEBF888003AC556 /* lp19.cpp in Sources */ = {isa = PBXBuildFile; fileRef = 876F98131BEBF888003AC556 /* lp19.cpp */; };
		876F981C1BEC0172003AC556 /* coordinate.cpp in Sources */ = {isa = PBXBuildFile; fileRef = 876F981B1BEC0172003AC556 /* coordinate.cpp */; };
/* End PBXBuildFile section */

/* Begin PBXCopyFilesBuildPhase section */
		876F980E1BEBF888003AC556 /* CopyFiles */ = {
			isa = PBXCopyFilesBuildPhase;
			buildActionMask = 2147483647;
			dstPath = /usr/share/man/man1/;
			dstSubfolderSpec = 0;
			files = (
			);
			runOnlyForDeploymentPostprocessing = 1;
		};
/* End PBXCopyFilesBuildPhase section */

/* Begin PBXFileReference section */
		876F98101BEBF888003AC556 /* lp19 */ = {isa = PBXFileReference; explicitFileType = "compiled.mach-o.executable"; includeInIndex = 0; path = lp19; sourceTree = BUILT_PRODUCTS_DIR; };
		876F98131BEBF888003AC556 /* lp19.cpp */ = {isa = PBXFileReference; lastKnownFileType = sourcecode.cpp.cpp; path = lp19.cpp; sourceTree = "<group>"; };
		876F981A1BEBF8EA003AC556 /* coordinate.h */ = {isa = PBXFileReference; lastKnownFileType = sourcecode.c.h; path = coordinate.h; sourceTree = "<group>"; };
		876F981B1BEC0172003AC556 /* coordinate.cpp */ = {isa = PBXFileReference; fileEncoding = 4; lastKnownFileType = sourcecode.cpp.cpp; path = coordinate.cpp; sourceTree = "<group>"; };
/* End PBXFileReference section */

/* Begin PBXFrameworksBuildPhase section */
		876F980D1BEBF888003AC556 /* Frameworks */ = {
			isa = PBXFrameworksBuildPhase;
			buildActionMask = 2147483647;
			files = (
			);
			runOnlyForDeploymentPostprocessing = 0;
		};
/* End PBXFrameworksBuildPhase section */

/* Begin PBXGroup section */
		876F98071BEBF888003AC556 = {
			isa = PBXGroup;
			children = (
				876F98121BEBF888003AC556 /* lp19 */,
				876F98111BEBF888003AC556 /* Products */,
			);
			sourceTree = "<group>";
		};
		876F98111BEBF888003AC556 /* Products */ = {
			isa = PBXGroup;
			children = (
				876F98101BEBF888003AC556 /* lp19 */,
			);
			name = Products;
			sourceTree = "<group>";
		};
		876F98121BEBF888003AC556 /* lp19 */ = {
			isa = PBXGroup;
			children = (
				876F98131BEBF888003AC556 /* lp19.cpp */,
				876F981B1BEC0172003AC556 /* coordinate.cpp */,
				876F981A1BEBF8EA003AC556 /* coordinate.h */,
			);
			path = lp19;
			sourceTree = "<group>";
		};
/* End PBXGroup section */

/* Begin PBXNativeTarget section */
		876F980F1BEBF888003AC556 /* lp19 */ = {
			isa = PBXNativeTarget;
			buildConfigurationList = 876F98171BEBF888003AC556 /* Build configuration list for PBXNativeTarget "lp19" */;
			buildPhases = (
				876F980C1BEBF888003AC556 /* Sources */,
				876F980D1BEBF888003AC556 /* Frameworks */,
				876F980E1BEBF888003AC556 /* CopyFiles */,
			);
			buildRules = (
			);
			dependencies = (
			);
			name = lp19;
			productName = lp19;
			productReference = 876F98101BEBF888003AC556 /* lp19 */;
			productType = "com.apple.product-type.tool";
		};
/* End PBXNativeTarget section */

/* Begin PBXProject section */
		876F98081BEBF888003AC556 /* Project object */ = {
			isa = PBXProject;
			attributes = {
				LastUpgradeCheck = 0710;
				ORGANIZATIONNAME = "David Garnitz";
				TargetAttributes = {
					876F980F1BEBF888003AC556 = {
						CreatedOnToolsVersion = 7.1;
					};
				};
			};
			buildConfigurationList = 876F980B1BEBF888003AC556 /* Build configuration list for PBXProject "lp19" */;
			compatibilityVersion = "Xcode 3.2";
			developmentRegion = English;
			hasScannedForEncodings = 0;
			knownRegions = (
				en,
			);
			mainGroup = 876F98071BEBF888003AC556;
			productRefGroup = 876F98111BEBF888003AC556 /* Products */;
			projectDirPath = "";
			projectRoot = "";
			targets = (
				876F980F1BEBF888003AC556 /* lp19 */,
			);
		};
/* End PBXProject section */

/* Begin PBXSourcesBuildPhase section */
		876F980C1BEBF888003AC556 /* Sources */ = {
			isa = PBXSourcesBuildPhase;
			buildActionMask = 2147483647;
			files = (
				876F98141BEBF888003AC556 /* lp19.cpp in Sources */,
				876F981C1BEC0172003AC556 /* coordinate.cpp in Sources */,
			);
			runOnlyForDeploymentPostprocessing = 0;
		};
/* End PBXSourcesBuildPhase section */

/* Begin XCBuildConfiguration section */
		876F98151BEBF888003AC556 /* Debug */ = {
			isa = XCBuildConfiguration;
			buildSettings = {
				ALWAYS_SEARCH_USER_PATHS = NO;
				CLANG_CXX_LANGUAGE_STANDARD = "gnu++0x";
				CLANG_CXX_LIBRARY = "libc++";
				CLANG_ENABLE_MODULES = YES;
				CLANG_ENABLE_OBJC_ARC = YES;
				CLANG_WARN_BOOL_CONVERSION = YES;
				CLANG_WARN_CONSTANT_CONVERSION = YES;
				CLANG_WARN_DIRECT_OBJC_ISA_USAGE = YES_ERROR;
				CLANG_WARN_EMPTY_BODY = YES;
				CLANG_WARN_ENUM_CONVERSION = YES;
				CLANG_WARN_INT_CONVERSION = YES;
				CLANG_WARN_OBJC_ROOT_CLASS = YES_ERROR;
				CLANG_WARN_UNREACHABLE_CODE = YES;
				CLANG_WARN__DUPLICATE_METHOD_MATCH = YES;
				CODE_SIGN_IDENTITY = "-";
				COPY_PHASE_STRIP = NO;
				DEBUG_INFORMATION_FORMAT = dwarf;
				ENABLE_STRICT_OBJC_MSGSEND = YES;
				ENABLE_TESTABILITY = YES;
				GCC_C_LANGUAGE_STANDARD = gnu99;
				GCC_DYNAMIC_NO_PIC = NO;
				GCC_NO_COMMON_BLOCKS = YES;
				GCC_OPTIMIZATION_LEVEL = 0;
				GCC_PREPROCESSOR_DEFINITIONS = (
					"DEBUG=1",
					"$(inherited)",
				);
				GCC_WARN_64_TO_32_BIT_CONVERSION = YES;
				GCC_WARN_ABOUT_RETURN_TYPE = YES_ERROR;
				GCC_WARN_UNDECLARED_SELECTOR = YES;
				GCC_WARN_UNINITIALIZED_AUTOS = YES_AGGRESSIVE;
				GCC_WARN_UNUSED_FUNCTION = YES;
				GCC_WARN_UNUSED_VARIABLE = YES;
				MACOSX_DEPLOYMENT_TARGET = 10.10;
				MTL_ENABLE_DEBUG_INFO = YES;
				ONLY_ACTIVE_ARCH = YES;
				SDKROOT = macosx;
			};
			name = Debug;
		};
		876F98161BEBF888003AC556 /* Release */ = {
			isa = XCBuildConfiguration;
			buildSettings = {
				ALWAYS_SEARCH_USER_PATHS = NO;
				CLANG_CXX_LANGUAGE_STANDARD = "gnu++0x";
				CLANG_CXX_LIBRARY = "libc++";
				CLANG_ENABLE_MODULES = YES;
				CLANG_ENABLE_OBJC_ARC = YES;
				CLANG_WARN_BOOL_CONVERSION = YES;
				CLANG_WARN_CONSTANT_CONVERSION = YES;
				CLANG_WARN_DIRECT_OBJC_ISA_USAGE = YES_ERROR;
				CLANG_WARN_EMPTY_BODY = YES;
				CLANG_WARN_ENUM_CONVERSION = YES;
				CLANG_WARN_INT_CONVERSION = YES;
				CLANG_WARN_OBJC_ROOT_CLASS = YES_ERROR;
				CLANG_WARN_UNREACHABLE_CODE = YES;
				CLANG_WARN__DUPLICATE_METHOD_MATCH = YES;
				CODE_SIGN_IDENTITY = "-";
				COPY_PHASE_STRIP = NO;
				DEBUG_INFORMATION_FORMAT = "dwarf-with-dsym";
				ENABLE_NS_ASSERTIONS = NO;
				ENABLE_STRICT_OBJC_MSGSEND = YES;
				GCC_C_LANGUAGE_STANDARD = gnu99;
				GCC_NO_COMMON_BLOCKS = YES;
				GCC_WARN_64_TO_32_BIT_CONVERSION = YES;
				GCC_WARN_ABOUT_RETURN_TYPE = YES_ERROR;
				GCC_WARN_UNDECLARED_SELECTOR = YES;
				GCC_WARN_UNINITIALIZED_AUTOS = YES_AGGRESSIVE;
				GCC_WARN_UNUSED_FUNCTION = YES;
				GCC_WARN_UNUSED_VARIABLE = YES;
				MACOSX_DEPLOYMENT_TARGET = 10.10;
				MTL_ENABLE_DEBUG_INFO = NO;
				SDKROOT = macosx;
			};
			name = Release;
		};
		876F98181BEBF888003AC556 /* Debug */ = {
			isa = XCBuildConfiguration;
			buildSettings = {
				PRODUCT_NAME = "$(TARGET_NAME)";
			};
			name = Debug;
		};
		876F98191BEBF888003AC556 /* Release */ = {
			isa = XCBuildConfiguration;
			buildSettings = {
				PRODUCT_NAME = "$(TARGET_NAME)";
			};
			name = Release;
		};
/* End XCBuildConfiguration section */

/* Begin XCConfigurationList section */
		876F980B1BEBF888003AC556 /* Build configuration list for PBXProject "lp19" */ = {
			isa = XCConfigurationList;
			buildConfigurations = (
				876F98151BEBF888003AC556 /* Debug */,
				876F98161BEBF888003AC556 /* Release */,
			);
			defaultConfigurationIsVisible = 0;
			defaultConfigurationName = Release;
		};
		876F98171BEBF888003AC556 /* Build configuration list for PBXNativeTarget "lp19" */ = {
			isa = XCConfigurationList;
			buildConfigurations = (
				876F98181BEBF888003AC556 /* Debug */,
				876F98191BEBF888003AC556 /* Release */,
			);
			defaultConfigurationIsVisible = 0;
		};
/* End XCConfigurationList section */
	};
	rootObject = 876F98081BEBF888003AC556 /* Project object */;
}
