// !$*UTF8*$!
{
	archiveVersion = 1;
	classes = {
	};
	objectVersion = 46;
	objects = {

/* Begin PBXBuildFile section */
		87C701B61C0504F4001C2B38 /* main.cpp in Sources */ = {isa = PBXBuildFile; fileRef = 87C701B31C0504F4001C2B38 /* main.cpp */; };
		87C701B71C0504F4001C2B38 /* Shapes.cpp in Sources */ = {isa = PBXBuildFile; fileRef = 87C701B41C0504F4001C2B38 /* Shapes.cpp */; };
/* End PBXBuildFile section */

/* Begin PBXCopyFilesBuildPhase section */
		87C701A71C050427001C2B38 /* CopyFiles */ = {
			isa = PBXCopyFilesBuildPhase;
			buildActionMask = 2147483647;
			dstPath = /usr/share/man/man1/;
			dstSubfolderSpec = 0;
			files = (
			);
			runOnlyForDeploymentPostprocessing = 1;
		};
/* End PBXCopyFilesBuildPhase section */

/* Begin PBXFileReference section */
		87C701A91C050428001C2B38 /* lp24 */ = {isa = PBXFileReference; explicitFileType = "compiled.mach-o.executable"; includeInIndex = 0; path = lp24; sourceTree = BUILT_PRODUCTS_DIR; };
		87C701B31C0504F4001C2B38 /* main.cpp */ = {isa = PBXFileReference; fileEncoding = 4; lastKnownFileType = sourcecode.cpp.cpp; name = main.cpp; path = "Shapes(2)/main.cpp"; sourceTree = SOURCE_ROOT; };
		87C701B41C0504F4001C2B38 /* Shapes.cpp */ = {isa = PBXFileReference; fileEncoding = 4; lastKnownFileType = sourcecode.cpp.cpp; name = Shapes.cpp; path = "Shapes(2)/Shapes.cpp"; sourceTree = SOURCE_ROOT; };
		87C701B51C0504F4001C2B38 /* Shapes.h */ = {isa = PBXFileReference; fileEncoding = 4; lastKnownFileType = sourcecode.c.h; name = Shapes.h; path = "Shapes(2)/Shapes.h"; sourceTree = SOURCE_ROOT; };
/* End PBXFileReference section */

/* Begin PBXFrameworksBuildPhase section */
		87C701A61C050427001C2B38 /* Frameworks */ = {
			isa = PBXFrameworksBuildPhase;
			buildActionMask = 2147483647;
			files = (
			);
			runOnlyForDeploymentPostprocessing = 0;
		};
/* End PBXFrameworksBuildPhase section */

/* Begin PBXGroup section */
		87C701A01C050427001C2B38 = {
			isa = PBXGroup;
			children = (
				87C701AB1C050428001C2B38 /* lp24 */,
				87C701AA1C050428001C2B38 /* Products */,
			);
			sourceTree = "<group>";
		};
		87C701AA1C050428001C2B38 /* Products */ = {
			isa = PBXGroup;
			children = (
				87C701A91C050428001C2B38 /* lp24 */,
			);
			name = Products;
			sourceTree = "<group>";
		};
		87C701AB1C050428001C2B38 /* lp24 */ = {
			isa = PBXGroup;
			children = (
				87C701B31C0504F4001C2B38 /* main.cpp */,
				87C701B41C0504F4001C2B38 /* Shapes.cpp */,
				87C701B51C0504F4001C2B38 /* Shapes.h */,
			);
			path = lp24;
			sourceTree = "<group>";
		};
/* End PBXGroup section */

/* Begin PBXNativeTarget section */
		87C701A81C050427001C2B38 /* lp24 */ = {
			isa = PBXNativeTarget;
			buildConfigurationList = 87C701B01C050428001C2B38 /* Build configuration list for PBXNativeTarget "lp24" */;
			buildPhases = (
				87C701A51C050427001C2B38 /* Sources */,
				87C701A61C050427001C2B38 /* Frameworks */,
				87C701A71C050427001C2B38 /* CopyFiles */,
			);
			buildRules = (
			);
			dependencies = (
			);
			name = lp24;
			productName = lp24;
			productReference = 87C701A91C050428001C2B38 /* lp24 */;
			productType = "com.apple.product-type.tool";
		};
/* End PBXNativeTarget section */

/* Begin PBXProject section */
		87C701A11C050427001C2B38 /* Project object */ = {
			isa = PBXProject;
			attributes = {
				LastUpgradeCheck = 0710;
				ORGANIZATIONNAME = "David Garnitz";
				TargetAttributes = {
					87C701A81C050427001C2B38 = {
						CreatedOnToolsVersion = 7.1.1;
					};
				};
			};
			buildConfigurationList = 87C701A41C050427001C2B38 /* Build configuration list for PBXProject "lp24" */;
			compatibilityVersion = "Xcode 3.2";
			developmentRegion = English;
			hasScannedForEncodings = 0;
			knownRegions = (
				en,
			);
			mainGroup = 87C701A01C050427001C2B38;
			productRefGroup = 87C701AA1C050428001C2B38 /* Products */;
			projectDirPath = "";
			projectRoot = "";
			targets = (
				87C701A81C050427001C2B38 /* lp24 */,
			);
		};
/* End PBXProject section */

/* Begin PBXSourcesBuildPhase section */
		87C701A51C050427001C2B38 /* Sources */ = {
			isa = PBXSourcesBuildPhase;
			buildActionMask = 2147483647;
			files = (
				87C701B71C0504F4001C2B38 /* Shapes.cpp in Sources */,
				87C701B61C0504F4001C2B38 /* main.cpp in Sources */,
			);
			runOnlyForDeploymentPostprocessing = 0;
		};
/* End PBXSourcesBuildPhase section */

/* Begin XCBuildConfiguration section */
		87C701AE1C050428001C2B38 /* Debug */ = {
			isa = XCBuildConfiguration;
			buildSettings = {
				ALWAYS_SEARCH_USER_PATHS = NO;
				CLANG_CXX_LANGUAGE_STANDARD = "gnu++0x";
				CLANG_CXX_LIBRARY = "libc++";
				CLANG_ENABLE_MODULES = YES;
				CLANG_ENABLE_OBJC_ARC = YES;
				CLANG_WARN_BOOL_CONVERSION = YES;
				CLANG_WARN_CONSTANT_CONVERSION = YES;
				CLANG_WARN_DIRECT_OBJC_ISA_USAGE = YES_ERROR;
				CLANG_WARN_EMPTY_BODY = YES;
				CLANG_WARN_ENUM_CONVERSION = YES;
				CLANG_WARN_INT_CONVERSION = YES;
				CLANG_WARN_OBJC_ROOT_CLASS = YES_ERROR;
				CLANG_WARN_UNREACHABLE_CODE = YES;
				CLANG_WARN__DUPLICATE_METHOD_MATCH = YES;
				CODE_SIGN_IDENTITY = "-";
				COPY_PHASE_STRIP = NO;
				DEBUG_INFORMATION_FORMAT = dwarf;
				ENABLE_STRICT_OBJC_MSGSEND = YES;
				ENABLE_TESTABILITY = YES;
				GCC_C_LANGUAGE_STANDARD = gnu99;
				GCC_DYNAMIC_NO_PIC = NO;
				GCC_NO_COMMON_BLOCKS = YES;
				GCC_OPTIMIZATION_LEVEL = 0;
				GCC_PREPROCESSOR_DEFINITIONS = (
					"DEBUG=1",
					"$(inherited)",
				);
				GCC_WARN_64_TO_32_BIT_CONVERSION = YES;
				GCC_WARN_ABOUT_RETURN_TYPE = YES_ERROR;
				GCC_WARN_UNDECLARED_SELECTOR = YES;
				GCC_WARN_UNINITIALIZED_AUTOS = YES_AGGRESSIVE;
				GCC_WARN_UNUSED_FUNCTION = YES;
				GCC_WARN_UNUSED_VARIABLE = YES;
				MACOSX_DEPLOYMENT_TARGET = 10.10;
				MTL_ENABLE_DEBUG_INFO = YES;
				ONLY_ACTIVE_ARCH = YES;
				SDKROOT = macosx;
			};
			name = Debug;
		};
		87C701AF1C050428001C2B38 /* Release */ = {
			isa = XCBuildConfiguration;
			buildSettings = {
				ALWAYS_SEARCH_USER_PATHS = NO;
				CLANG_CXX_LANGUAGE_STANDARD = "gnu++0x";
				CLANG_CXX_LIBRARY = "libc++";
				CLANG_ENABLE_MODULES = YES;
				CLANG_ENABLE_OBJC_ARC = YES;
				CLANG_WARN_BOOL_CONVERSION = YES;
				CLANG_WARN_CONSTANT_CONVERSION = YES;
				CLANG_WARN_DIRECT_OBJC_ISA_USAGE = YES_ERROR;
				CLANG_WARN_EMPTY_BODY = YES;
				CLANG_WARN_ENUM_CONVERSION = YES;
				CLANG_WARN_INT_CONVERSION = YES;
				CLANG_WARN_OBJC_ROOT_CLASS = YES_ERROR;
				CLANG_WARN_UNREACHABLE_CODE = YES;
				CLANG_WARN__DUPLICATE_METHOD_MATCH = YES;
				CODE_SIGN_IDENTITY = "-";
				COPY_PHASE_STRIP = NO;
				DEBUG_INFORMATION_FORMAT = "dwarf-with-dsym";
				ENABLE_NS_ASSERTIONS = NO;
				ENABLE_STRICT_OBJC_MSGSEND = YES;
				GCC_C_LANGUAGE_STANDARD = gnu99;
				GCC_NO_COMMON_BLOCKS = YES;
				GCC_WARN_64_TO_32_BIT_CONVERSION = YES;
				GCC_WARN_ABOUT_RETURN_TYPE = YES_ERROR;
				GCC_WARN_UNDECLARED_SELECTOR = YES;
				GCC_WARN_UNINITIALIZED_AUTOS = YES_AGGRESSIVE;
				GCC_WARN_UNUSED_FUNCTION = YES;
				GCC_WARN_UNUSED_VARIABLE = YES;
				MACOSX_DEPLOYMENT_TARGET = 10.10;
				MTL_ENABLE_DEBUG_INFO = NO;
				SDKROOT = macosx;
			};
			name = Release;
		};
		87C701B11C050428001C2B38 /* Debug */ = {
			isa = XCBuildConfiguration;
			buildSettings = {
				PRODUCT_NAME = "$(TARGET_NAME)";
			};
			name = Debug;
		};
		87C701B21C050428001C2B38 /* Release */ = {
			isa = XCBuildConfiguration;
			buildSettings = {
				PRODUCT_NAME = "$(TARGET_NAME)";
			};
			name = Release;
		};
/* End XCBuildConfiguration section */

/* Begin XCConfigurationList section */
		87C701A41C050427001C2B38 /* Build configuration list for PBXProject "lp24" */ = {
			isa = XCConfigurationList;
			buildConfigurations = (
				87C701AE1C050428001C2B38 /* Debug */,
				87C701AF1C050428001C2B38 /* Release */,
			);
			defaultConfigurationIsVisible = 0;
			defaultConfigurationName = Release;
		};
		87C701B01C050428001C2B38 /* Build configuration list for PBXNativeTarget "lp24" */ = {
			isa = XCConfigurationList;
			buildConfigurations = (
				87C701B11C050428001C2B38 /* Debug */,
				87C701B21C050428001C2B38 /* Release */,
			);
			defaultConfigurationIsVisible = 0;
		};
/* End XCConfigurationList section */
	};
	rootObject = 87C701A11C050427001C2B38 /* Project object */;
}
