// !$*UTF8*$!
{
	archiveVersion = 1;
	classes = {
	};
	objectVersion = 46;
	objects = {

/* Begin PBXBuildFile section */
		871276EA1BFFC15000A29B7A /* trainer2.cpp in Sources */ = {isa = PBXBuildFile; fileRef = 871276E91BFFC15000A29B7A /* trainer2.cpp */; };
		871276F11BFFC1BE00A29B7A /* animal.cpp in Sources */ = {isa = PBXBuildFile; fileRef = 871276F01BFFC1BE00A29B7A /* animal.cpp */; };
/* End PBXBuildFile section */

/* Begin PBXCopyFilesBuildPhase section */
		871276E41BFFC15000A29B7A /* CopyFiles */ = {
			isa = PBXCopyFilesBuildPhase;
			buildActionMask = 2147483647;
			dstPath = /usr/share/man/man1/;
			dstSubfolderSpec = 0;
			files = (
			);
			runOnlyForDeploymentPostprocessing = 1;
		};
/* End PBXCopyFilesBuildPhase section */

/* Begin PBXFileReference section */
		871276E61BFFC15000A29B7A /* hw11 */ = {isa = PBXFileReference; explicitFileType = "compiled.mach-o.executable"; includeInIndex = 0; path = hw11; sourceTree = BUILT_PRODUCTS_DIR; };
		871276E91BFFC15000A29B7A /* trainer2.cpp */ = {isa = PBXFileReference; lastKnownFileType = sourcecode.cpp.cpp; path = trainer2.cpp; sourceTree = "<group>"; };
		871276F01BFFC1BE00A29B7A /* animal.cpp */ = {isa = PBXFileReference; fileEncoding = 4; lastKnownFileType = sourcecode.cpp.cpp; path = animal.cpp; sourceTree = "<group>"; };
		871276F21BFFC1CD00A29B7A /* animal.h */ = {isa = PBXFileReference; lastKnownFileType = sourcecode.c.h; path = animal.h; sourceTree = "<group>"; };
/* End PBXFileReference section */

/* Begin PBXFrameworksBuildPhase section */
		871276E31BFFC15000A29B7A /* Frameworks */ = {
			isa = PBXFrameworksBuildPhase;
			buildActionMask = 2147483647;
			files = (
			);
			runOnlyForDeploymentPostprocessing = 0;
		};
/* End PBXFrameworksBuildPhase section */

/* Begin PBXGroup section */
		871276DD1BFFC15000A29B7A = {
			isa = PBXGroup;
			children = (
				871276E81BFFC15000A29B7A /* hw11 */,
				871276E71BFFC15000A29B7A /* Products */,
			);
			sourceTree = "<group>";
		};
		871276E71BFFC15000A29B7A /* Products */ = {
			isa = PBXGroup;
			children = (
				871276E61BFFC15000A29B7A /* hw11 */,
			);
			name = Products;
			sourceTree = "<group>";
		};
		871276E81BFFC15000A29B7A /* hw11 */ = {
			isa = PBXGroup;
			children = (
				871276E91BFFC15000A29B7A /* trainer2.cpp */,
				871276F21BFFC1CD00A29B7A /* animal.h */,
				871276F01BFFC1BE00A29B7A /* animal.cpp */,
			);
			path = hw11;
			sourceTree = "<group>";
		};
/* End PBXGroup section */

/* Begin PBXNativeTarget section */
		871276E51BFFC15000A29B7A /* hw11 */ = {
			isa = PBXNativeTarget;
			buildConfigurationList = 871276ED1BFFC15000A29B7A /* Build configuration list for PBXNativeTarget "hw11" */;
			buildPhases = (
				871276E21BFFC15000A29B7A /* Sources */,
				871276E31BFFC15000A29B7A /* Frameworks */,
				871276E41BFFC15000A29B7A /* CopyFiles */,
			);
			buildRules = (
			);
			dependencies = (
			);
			name = hw11;
			productName = hw11;
			productReference = 871276E61BFFC15000A29B7A /* hw11 */;
			productType = "com.apple.product-type.tool";
		};
/* End PBXNativeTarget section */

/* Begin PBXProject section */
		871276DE1BFFC15000A29B7A /* Project object */ = {
			isa = PBXProject;
			attributes = {
				LastUpgradeCheck = 0710;
				ORGANIZATIONNAME = "David Garnitz";
				TargetAttributes = {
					871276E51BFFC15000A29B7A = {
						CreatedOnToolsVersion = 7.1.1;
					};
				};
			};
			buildConfigurationList = 871276E11BFFC15000A29B7A /* Build configuration list for PBXProject "hw11" */;
			compatibilityVersion = "Xcode 3.2";
			developmentRegion = English;
			hasScannedForEncodings = 0;
			knownRegions = (
				en,
			);
			mainGroup = 871276DD1BFFC15000A29B7A;
			productRefGroup = 871276E71BFFC15000A29B7A /* Products */;
			projectDirPath = "";
			projectRoot = "";
			targets = (
				871276E51BFFC15000A29B7A /* hw11 */,
			);
		};
/* End PBXProject section */

/* Begin PBXSourcesBuildPhase section */
		871276E21BFFC15000A29B7A /* Sources */ = {
			isa = PBXSourcesBuildPhase;
			buildActionMask = 2147483647;
			files = (
				871276EA1BFFC15000A29B7A /* trainer2.cpp in Sources */,
				871276F11BFFC1BE00A29B7A /* animal.cpp in Sources */,
			);
			runOnlyForDeploymentPostprocessing = 0;
		};
/* End PBXSourcesBuildPhase section */

/* Begin XCBuildConfiguration section */
		871276EB1BFFC15000A29B7A /* Debug */ = {
			isa = XCBuildConfiguration;
			buildSettings = {
				ALWAYS_SEARCH_USER_PATHS = NO;
				CLANG_CXX_LANGUAGE_STANDARD = "gnu++0x";
				CLANG_CXX_LIBRARY = "libc++";
				CLANG_ENABLE_MODULES = YES;
				CLANG_ENABLE_OBJC_ARC = YES;
				CLANG_WARN_BOOL_CONVERSION = YES;
				CLANG_WARN_CONSTANT_CONVERSION = YES;
				CLANG_WARN_DIRECT_OBJC_ISA_USAGE = YES_ERROR;
				CLANG_WARN_EMPTY_BODY = YES;
				CLANG_WARN_ENUM_CONVERSION = YES;
				CLANG_WARN_INT_CONVERSION = YES;
				CLANG_WARN_OBJC_ROOT_CLASS = YES_ERROR;
				CLANG_WARN_UNREACHABLE_CODE = YES;
				CLANG_WARN__DUPLICATE_METHOD_MATCH = YES;
				CODE_SIGN_IDENTITY = "-";
				COPY_PHASE_STRIP = NO;
				DEBUG_INFORMATION_FORMAT = dwarf;
				ENABLE_STRICT_OBJC_MSGSEND = YES;
				ENABLE_TESTABILITY = YES;
				GCC_C_LANGUAGE_STANDARD = gnu99;
				GCC_DYNAMIC_NO_PIC = NO;
				GCC_NO_COMMON_BLOCKS = YES;
				GCC_OPTIMIZATION_LEVEL = 0;
				GCC_PREPROCESSOR_DEFINITIONS = (
					"DEBUG=1",
					"$(inherited)",
				);
				GCC_WARN_64_TO_32_BIT_CONVERSION = YES;
				GCC_WARN_ABOUT_RETURN_TYPE = YES_ERROR;
				GCC_WARN_UNDECLARED_SELECTOR = YES;
				GCC_WARN_UNINITIALIZED_AUTOS = YES_AGGRESSIVE;
				GCC_WARN_UNUSED_FUNCTION = YES;
				GCC_WARN_UNUSED_VARIABLE = YES;
				MACOSX_DEPLOYMENT_TARGET = 10.10;
				MTL_ENABLE_DEBUG_INFO = YES;
				ONLY_ACTIVE_ARCH = YES;
				SDKROOT = macosx;
			};
			name = Debug;
		};
		871276EC1BFFC15000A29B7A /* Release */ = {
			isa = XCBuildConfiguration;
			buildSettings = {
				ALWAYS_SEARCH_USER_PATHS = NO;
				CLANG_CXX_LANGUAGE_STANDARD = "gnu++0x";
				CLANG_CXX_LIBRARY = "libc++";
				CLANG_ENABLE_MODULES = YES;
				CLANG_ENABLE_OBJC_ARC = YES;
				CLANG_WARN_BOOL_CONVERSION = YES;
				CLANG_WARN_CONSTANT_CONVERSION = YES;
				CLANG_WARN_DIRECT_OBJC_ISA_USAGE = YES_ERROR;
				CLANG_WARN_EMPTY_BODY = YES;
				CLANG_WARN_ENUM_CONVERSION = YES;
				CLANG_WARN_INT_CONVERSION = YES;
				CLANG_WARN_OBJC_ROOT_CLASS = YES_ERROR;
				CLANG_WARN_UNREACHABLE_CODE = YES;
				CLANG_WARN__DUPLICATE_METHOD_MATCH = YES;
				CODE_SIGN_IDENTITY = "-";
				COPY_PHASE_STRIP = NO;
				DEBUG_INFORMATION_FORMAT = "dwarf-with-dsym";
				ENABLE_NS_ASSERTIONS = NO;
				ENABLE_STRICT_OBJC_MSGSEND = YES;
				GCC_C_LANGUAGE_STANDARD = gnu99;
				GCC_NO_COMMON_BLOCKS = YES;
				GCC_WARN_64_TO_32_BIT_CONVERSION = YES;
				GCC_WARN_ABOUT_RETURN_TYPE = YES_ERROR;
				GCC_WARN_UNDECLARED_SELECTOR = YES;
				GCC_WARN_UNINITIALIZED_AUTOS = YES_AGGRESSIVE;
				GCC_WARN_UNUSED_FUNCTION = YES;
				GCC_WARN_UNUSED_VARIABLE = YES;
				MACOSX_DEPLOYMENT_TARGET = 10.10;
				MTL_ENABLE_DEBUG_INFO = NO;
				SDKROOT = macosx;
			};
			name = Release;
		};
		871276EE1BFFC15000A29B7A /* Debug */ = {
			isa = XCBuildConfiguration;
			buildSettings = {
				PRODUCT_NAME = "$(TARGET_NAME)";
			};
			name = Debug;
		};
		871276EF1BFFC15000A29B7A /* Release */ = {
			isa = XCBuildConfiguration;
			buildSettings = {
				PRODUCT_NAME = "$(TARGET_NAME)";
			};
			name = Release;
		};
/* End XCBuildConfiguration section */

/* Begin XCConfigurationList section */
		871276E11BFFC15000A29B7A /* Build configuration list for PBXProject "hw11" */ = {
			isa = XCConfigurationList;
			buildConfigurations = (
				871276EB1BFFC15000A29B7A /* Debug */,
				871276EC1BFFC15000A29B7A /* Release */,
			);
			defaultConfigurationIsVisible = 0;
			defaultConfigurationName = Release;
		};
		871276ED1BFFC15000A29B7A /* Build configuration list for PBXNativeTarget "hw11" */ = {
			isa = XCConfigurationList;
			buildConfigurations = (
				871276EE1BFFC15000A29B7A /* Debug */,
				871276EF1BFFC15000A29B7A /* Release */,
			);
			defaultConfigurationIsVisible = 0;
		};
/* End XCConfigurationList section */
	};
	rootObject = 871276DE1BFFC15000A29B7A /* Project object */;
}
